
Microsoft Visual Studio Solution File, Format Version 12.00
# Visual Studio Version 17
VisualStudioVersion = 17.0.31903.59
MinimumVisualStudioVersion = 10.0.40219.1
Project("{2150E333-8FDC-42A3-9474-1A3956D46DE8}") = "src", "src", "{827E0CD3-B72D-47B6-A68D-7590B98EB39B}"
EndProject
Project("{FAE04EC0-301F-11D3-BF4B-00C04F79EFBC}") = "ContactBook.Contacts.API", "src\ContactBook.Contacts.API\ContactBook.Contacts.API.csproj", "{3B63BC8F-3F49-4E27-B1A0-4B59C10D4C49}"
EndProject
Project("{FAE04EC0-301F-11D3-BF4B-00C04F79EFBC}") = "ContactBook.Contacts.Application", "src\ContactBook.Contacts.Application\ContactBook.Contacts.Application.csproj", "{8910805D-9A6E-4A73-8A4B-CE0DC7CB1C29}"
EndProject
Project("{FAE04EC0-301F-11D3-BF4B-00C04F79EFBC}") = "ContactBook.Contacts.Domain", "src\ContactBook.Contacts.Domain\ContactBook.Contacts.Domain.csproj", "{F549A8F4-19BB-477D-9862-9E93AFAB960C}"
EndProject
Project("{FAE04EC0-301F-11D3-BF4B-00C04F79EFBC}") = "ContactBook.Contacts.Infrastructure", "src\ContactBook.Contacts.Infrastructure\ContactBook.Contacts.Infrastructure.csproj", "{8650BEF1-D11A-4671-B4BC-230E01C37781}"
EndProject
Project("{FAE04EC0-301F-11D3-BF4B-00C04F79EFBC}") = "ContactBook.Reports.API", "src\ContactBook.Reports.API\ContactBook.Reports.API.csproj", "{88B82573-996C-4CA5-9D62-BB12F906F610}"
EndProject
Project("{FAE04EC0-301F-11D3-BF4B-00C04F79EFBC}") = "ContactBook.Reports.Application", "src\ContactBook.Reports.Application\ContactBook.Reports.Application.csproj", "{9462E5CC-5E5C-4FBA-B139-16173F936358}"
EndProject
Project("{FAE04EC0-301F-11D3-BF4B-00C04F79EFBC}") = "ContactBook.Reports.Consumer", "src\ContactBook.Reports.Consumer\ContactBook.Reports.Consumer.csproj", "{9A75A252-10E6-4464-908B-008D50D381AE}"
EndProject
Project("{FAE04EC0-301F-11D3-BF4B-00C04F79EFBC}") = "ContactBook.Reports.Domain", "src\ContactBook.Reports.Domain\ContactBook.Reports.Domain.csproj", "{4C2C8CEB-B0E9-4B7D-844E-72091F13E03F}"
EndProject
Project("{FAE04EC0-301F-11D3-BF4B-00C04F79EFBC}") = "ContactBook.Reports.Infrastructure", "src\ContactBook.Reports.Infrastructure\ContactBook.Reports.Infrastructure.csproj", "{F04C9DAD-E1FA-4CD2-BCFC-048C257E75F7}"
EndProject
Project("{2150E333-8FDC-42A3-9474-1A3956D46DE8}") = "tests", "tests", "{0AB3BF05-4346-4AA6-1389-037BE0695223}"
EndProject
Project("{FAE04EC0-301F-11D3-BF4B-00C04F79EFBC}") = "ContactBook.Contacts.API.Tests", "tests\ContactBook.Contacts.API.Tests\ContactBook.Contacts.API.Tests.csproj", "{96B09810-75EC-4F4C-8326-5BD7573C0707}"
EndProject
Project("{FAE04EC0-301F-11D3-BF4B-00C04F79EFBC}") = "ContactBook.Domain.Tests", "tests\ContactBook.Domain.Tests\ContactBook.Domain.Tests.csproj", "{315D3B05-2654-41FE-8E8B-A7418D7EE3FE}"
EndProject
Project("{FAE04EC0-301F-11D3-BF4B-00C04F79EFBC}") = "ContactBook.Infrastructure.Tests", "tests\ContactBook.Infrastructure.Tests\ContactBook.Infrastructure.Tests.csproj", "{12584AA4-EFAB-47A6-83C7-A77A8A5EEE9E}"
EndProject
Project("{FAE04EC0-301F-11D3-BF4B-00C04F79EFBC}") = "ContactBook.Integration.Tests", "tests\ContactBook.Integration.Tests\ContactBook.Integration.Tests.csproj", "{89A984DE-D437-4C0C-8399-76A17F39B315}"
EndProject
Project("{FAE04EC0-301F-11D3-BF4B-00C04F79EFBC}") = "ContactBook.Reports.API.Tests", "tests\ContactBook.Reports.API.Tests\ContactBook.Reports.API.Tests.csproj", "{07C8DDD7-4115-4D8F-9075-81E9B674541B}"
EndProject
Project("{FAE04EC0-301F-11D3-BF4B-00C04F79EFBC}") = "ContactBook.Reports.Consumer.Tests", "tests\ContactBook.Reports.Consumer.Tests\ContactBook.Reports.Consumer.Tests.csproj", "{EFAA7EC3-1580-4DCB-8FF2-98B2B2D41D2F}"
EndProject
Global
	GlobalSection(SolutionConfigurationPlatforms) = preSolution
		Debug|Any CPU = Debug|Any CPU
		Debug|x64 = Debug|x64
		Debug|x86 = Debug|x86
		Release|Any CPU = Release|Any CPU
		Release|x64 = Release|x64
		Release|x86 = Release|x86
	EndGlobalSection
	GlobalSection(ProjectConfigurationPlatforms) = postSolution
		{3B63BC8F-3F49-4E27-B1A0-4B59C10D4C49}.Debug|Any CPU.ActiveCfg = Debug|Any CPU
		{3B63BC8F-3F49-4E27-B1A0-4B59C10D4C49}.Debug|Any CPU.Build.0 = Debug|Any CPU
		{3B63BC8F-3F49-4E27-B1A0-4B59C10D4C49}.Debug|x64.ActiveCfg = Debug|Any CPU
		{3B63BC8F-3F49-4E27-B1A0-4B59C10D4C49}.Debug|x64.Build.0 = Debug|Any CPU
		{3B63BC8F-3F49-4E27-B1A0-4B59C10D4C49}.Debug|x86.ActiveCfg = Debug|Any CPU
		{3B63BC8F-3F49-4E27-B1A0-4B59C10D4C49}.Debug|x86.Build.0 = Debug|Any CPU
		{3B63BC8F-3F49-4E27-B1A0-4B59C10D4C49}.Release|Any CPU.ActiveCfg = Release|Any CPU
		{3B63BC8F-3F49-4E27-B1A0-4B59C10D4C49}.Release|Any CPU.Build.0 = Release|Any CPU
		{3B63BC8F-3F49-4E27-B1A0-4B59C10D4C49}.Release|x64.ActiveCfg = Release|Any CPU
		{3B63BC8F-3F49-4E27-B1A0-4B59C10D4C49}.Release|x64.Build.0 = Release|Any CPU
		{3B63BC8F-3F49-4E27-B1A0-4B59C10D4C49}.Release|x86.ActiveCfg = Release|Any CPU
		{3B63BC8F-3F49-4E27-B1A0-4B59C10D4C49}.Release|x86.Build.0 = Release|Any CPU
		{8910805D-9A6E-4A73-8A4B-CE0DC7CB1C29}.Debug|Any CPU.ActiveCfg = Debug|Any CPU
		{8910805D-9A6E-4A73-8A4B-CE0DC7CB1C29}.Debug|Any CPU.Build.0 = Debug|Any CPU
		{8910805D-9A6E-4A73-8A4B-CE0DC7CB1C29}.Debug|x64.ActiveCfg = Debug|Any CPU
		{8910805D-9A6E-4A73-8A4B-CE0DC7CB1C29}.Debug|x64.Build.0 = Debug|Any CPU
		{8910805D-9A6E-4A73-8A4B-CE0DC7CB1C29}.Debug|x86.ActiveCfg = Debug|Any CPU
		{8910805D-9A6E-4A73-8A4B-CE0DC7CB1C29}.Debug|x86.Build.0 = Debug|Any CPU
		{8910805D-9A6E-4A73-8A4B-CE0DC7CB1C29}.Release|Any CPU.ActiveCfg = Release|Any CPU
		{8910805D-9A6E-4A73-8A4B-CE0DC7CB1C29}.Release|Any CPU.Build.0 = Release|Any CPU
		{8910805D-9A6E-4A73-8A4B-CE0DC7CB1C29}.Release|x64.ActiveCfg = Release|Any CPU
		{8910805D-9A6E-4A73-8A4B-CE0DC7CB1C29}.Release|x64.Build.0 = Release|Any CPU
		{8910805D-9A6E-4A73-8A4B-CE0DC7CB1C29}.Release|x86.ActiveCfg = Release|Any CPU
		{8910805D-9A6E-4A73-8A4B-CE0DC7CB1C29}.Release|x86.Build.0 = Release|Any CPU
		{F549A8F4-19BB-477D-9862-9E93AFAB960C}.Debug|Any CPU.ActiveCfg = Debug|Any CPU
		{F549A8F4-19BB-477D-9862-9E93AFAB960C}.Debug|Any CPU.Build.0 = Debug|Any CPU
		{F549A8F4-19BB-477D-9862-9E93AFAB960C}.Debug|x64.ActiveCfg = Debug|Any CPU
		{F549A8F4-19BB-477D-9862-9E93AFAB960C}.Debug|x64.Build.0 = Debug|Any CPU
		{F549A8F4-19BB-477D-9862-9E93AFAB960C}.Debug|x86.ActiveCfg = Debug|Any CPU
		{F549A8F4-19BB-477D-9862-9E93AFAB960C}.Debug|x86.Build.0 = Debug|Any CPU
		{F549A8F4-19BB-477D-9862-9E93AFAB960C}.Release|Any CPU.ActiveCfg = Release|Any CPU
		{F549A8F4-19BB-477D-9862-9E93AFAB960C}.Release|Any CPU.Build.0 = Release|Any CPU
		{F549A8F4-19BB-477D-9862-9E93AFAB960C}.Release|x64.ActiveCfg = Release|Any CPU
		{F549A8F4-19BB-477D-9862-9E93AFAB960C}.Release|x64.Build.0 = Release|Any CPU
		{F549A8F4-19BB-477D-9862-9E93AFAB960C}.Release|x86.ActiveCfg = Release|Any CPU
		{F549A8F4-19BB-477D-9862-9E93AFAB960C}.Release|x86.Build.0 = Release|Any CPU
		{8650BEF1-D11A-4671-B4BC-230E01C37781}.Debug|Any CPU.ActiveCfg = Debug|Any CPU
		{8650BEF1-D11A-4671-B4BC-230E01C37781}.Debug|Any CPU.Build.0 = Debug|Any CPU
		{8650BEF1-D11A-4671-B4BC-230E01C37781}.Debug|x64.ActiveCfg = Debug|Any CPU
		{8650BEF1-D11A-4671-B4BC-230E01C37781}.Debug|x64.Build.0 = Debug|Any CPU
		{8650BEF1-D11A-4671-B4BC-230E01C37781}.Debug|x86.ActiveCfg = Debug|Any CPU
		{8650BEF1-D11A-4671-B4BC-230E01C37781}.Debug|x86.Build.0 = Debug|Any CPU
		{8650BEF1-D11A-4671-B4BC-230E01C37781}.Release|Any CPU.ActiveCfg = Release|Any CPU
		{8650BEF1-D11A-4671-B4BC-230E01C37781}.Release|Any CPU.Build.0 = Release|Any CPU
		{8650BEF1-D11A-4671-B4BC-230E01C37781}.Release|x64.ActiveCfg = Release|Any CPU
		{8650BEF1-D11A-4671-B4BC-230E01C37781}.Release|x64.Build.0 = Release|Any CPU
		{8650BEF1-D11A-4671-B4BC-230E01C37781}.Release|x86.ActiveCfg = Release|Any CPU
		{8650BEF1-D11A-4671-B4BC-230E01C37781}.Release|x86.Build.0 = Release|Any CPU
		{88B82573-996C-4CA5-9D62-BB12F906F610}.Debug|Any CPU.ActiveCfg = Debug|Any CPU
		{88B82573-996C-4CA5-9D62-BB12F906F610}.Debug|Any CPU.Build.0 = Debug|Any CPU
		{88B82573-996C-4CA5-9D62-BB12F906F610}.Debug|x64.ActiveCfg = Debug|Any CPU
		{88B82573-996C-4CA5-9D62-BB12F906F610}.Debug|x64.Build.0 = Debug|Any CPU
		{88B82573-996C-4CA5-9D62-BB12F906F610}.Debug|x86.ActiveCfg = Debug|Any CPU
		{88B82573-996C-4CA5-9D62-BB12F906F610}.Debug|x86.Build.0 = Debug|Any CPU
		{88B82573-996C-4CA5-9D62-BB12F906F610}.Release|Any CPU.ActiveCfg = Release|Any CPU
		{88B82573-996C-4CA5-9D62-BB12F906F610}.Release|Any CPU.Build.0 = Release|Any CPU
		{88B82573-996C-4CA5-9D62-BB12F906F610}.Release|x64.ActiveCfg = Release|Any CPU
		{88B82573-996C-4CA5-9D62-BB12F906F610}.Release|x64.Build.0 = Release|Any CPU
		{88B82573-996C-4CA5-9D62-BB12F906F610}.Release|x86.ActiveCfg = Release|Any CPU
		{88B82573-996C-4CA5-9D62-BB12F906F610}.Release|x86.Build.0 = Release|Any CPU
		{9462E5CC-5E5C-4FBA-B139-16173F936358}.Debug|Any CPU.ActiveCfg = Debug|Any CPU
		{9462E5CC-5E5C-4FBA-B139-16173F936358}.Debug|Any CPU.Build.0 = Debug|Any CPU
		{9462E5CC-5E5C-4FBA-B139-16173F936358}.Debug|x64.ActiveCfg = Debug|Any CPU
		{9462E5CC-5E5C-4FBA-B139-16173F936358}.Debug|x64.Build.0 = Debug|Any CPU
		{9462E5CC-5E5C-4FBA-B139-16173F936358}.Debug|x86.ActiveCfg = Debug|Any CPU
		{9462E5CC-5E5C-4FBA-B139-16173F936358}.Debug|x86.Build.0 = Debug|Any CPU
		{9462E5CC-5E5C-4FBA-B139-16173F936358}.Release|Any CPU.ActiveCfg = Release|Any CPU
		{9462E5CC-5E5C-4FBA-B139-16173F936358}.Release|Any CPU.Build.0 = Release|Any CPU
		{9462E5CC-5E5C-4FBA-B139-16173F936358}.Release|x64.ActiveCfg = Release|Any CPU
		{9462E5CC-5E5C-4FBA-B139-16173F936358}.Release|x64.Build.0 = Release|Any CPU
		{9462E5CC-5E5C-4FBA-B139-16173F936358}.Release|x86.ActiveCfg = Release|Any CPU
		{9462E5CC-5E5C-4FBA-B139-16173F936358}.Release|x86.Build.0 = Release|Any CPU
		{9A75A252-10E6-4464-908B-008D50D381AE}.Debug|Any CPU.ActiveCfg = Debug|Any CPU
		{9A75A252-10E6-4464-908B-008D50D381AE}.Debug|Any CPU.Build.0 = Debug|Any CPU
		{9A75A252-10E6-4464-908B-008D50D381AE}.Debug|x64.ActiveCfg = Debug|Any CPU
		{9A75A252-10E6-4464-908B-008D50D381AE}.Debug|x64.Build.0 = Debug|Any CPU
		{9A75A252-10E6-4464-908B-008D50D381AE}.Debug|x86.ActiveCfg = Debug|Any CPU
		{9A75A252-10E6-4464-908B-008D50D381AE}.Debug|x86.Build.0 = Debug|Any CPU
		{9A75A252-10E6-4464-908B-008D50D381AE}.Release|Any CPU.ActiveCfg = Release|Any CPU
		{9A75A252-10E6-4464-908B-008D50D381AE}.Release|Any CPU.Build.0 = Release|Any CPU
		{9A75A252-10E6-4464-908B-008D50D381AE}.Release|x64.ActiveCfg = Release|Any CPU
		{9A75A252-10E6-4464-908B-008D50D381AE}.Release|x64.Build.0 = Release|Any CPU
		{9A75A252-10E6-4464-908B-008D50D381AE}.Release|x86.ActiveCfg = Release|Any CPU
		{9A75A252-10E6-4464-908B-008D50D381AE}.Release|x86.Build.0 = Release|Any CPU
		{4C2C8CEB-B0E9-4B7D-844E-72091F13E03F}.Debug|Any CPU.ActiveCfg = Debug|Any CPU
		{4C2C8CEB-B0E9-4B7D-844E-72091F13E03F}.Debug|Any CPU.Build.0 = Debug|Any CPU
		{4C2C8CEB-B0E9-4B7D-844E-72091F13E03F}.Debug|x64.ActiveCfg = Debug|Any CPU
		{4C2C8CEB-B0E9-4B7D-844E-72091F13E03F}.Debug|x64.Build.0 = Debug|Any CPU
		{4C2C8CEB-B0E9-4B7D-844E-72091F13E03F}.Debug|x86.ActiveCfg = Debug|Any CPU
		{4C2C8CEB-B0E9-4B7D-844E-72091F13E03F}.Debug|x86.Build.0 = Debug|Any CPU
		{4C2C8CEB-B0E9-4B7D-844E-72091F13E03F}.Release|Any CPU.ActiveCfg = Release|Any CPU
		{4C2C8CEB-B0E9-4B7D-844E-72091F13E03F}.Release|Any CPU.Build.0 = Release|Any CPU
		{4C2C8CEB-B0E9-4B7D-844E-72091F13E03F}.Release|x64.ActiveCfg = Release|Any CPU
		{4C2C8CEB-B0E9-4B7D-844E-72091F13E03F}.Release|x64.Build.0 = Release|Any CPU
		{4C2C8CEB-B0E9-4B7D-844E-72091F13E03F}.Release|x86.ActiveCfg = Release|Any CPU
		{4C2C8CEB-B0E9-4B7D-844E-72091F13E03F}.Release|x86.Build.0 = Release|Any CPU
		{F04C9DAD-E1FA-4CD2-BCFC-048C257E75F7}.Debug|Any CPU.ActiveCfg = Debug|Any CPU
		{F04C9DAD-E1FA-4CD2-BCFC-048C257E75F7}.Debug|Any CPU.Build.0 = Debug|Any CPU
		{F04C9DAD-E1FA-4CD2-BCFC-048C257E75F7}.Debug|x64.ActiveCfg = Debug|Any CPU
		{F04C9DAD-E1FA-4CD2-BCFC-048C257E75F7}.Debug|x64.Build.0 = Debug|Any CPU
		{F04C9DAD-E1FA-4CD2-BCFC-048C257E75F7}.Debug|x86.ActiveCfg = Debug|Any CPU
		{F04C9DAD-E1FA-4CD2-BCFC-048C257E75F7}.Debug|x86.Build.0 = Debug|Any CPU
		{F04C9DAD-E1FA-4CD2-BCFC-048C257E75F7}.Release|Any CPU.ActiveCfg = Release|Any CPU
		{F04C9DAD-E1FA-4CD2-BCFC-048C257E75F7}.Release|Any CPU.Build.0 = Release|Any CPU
		{F04C9DAD-E1FA-4CD2-BCFC-048C257E75F7}.Release|x64.ActiveCfg = Release|Any CPU
		{F04C9DAD-E1FA-4CD2-BCFC-048C257E75F7}.Release|x64.Build.0 = Release|Any CPU
		{F04C9DAD-E1FA-4CD2-BCFC-048C257E75F7}.Release|x86.ActiveCfg = Release|Any CPU
		{F04C9DAD-E1FA-4CD2-BCFC-048C257E75F7}.Release|x86.Build.0 = Release|Any CPU
		{96B09810-75EC-4F4C-8326-5BD7573C0707}.Debug|Any CPU.ActiveCfg = Debug|Any CPU
		{96B09810-75EC-4F4C-8326-5BD7573C0707}.Debug|Any CPU.Build.0 = Debug|Any CPU
		{96B09810-75EC-4F4C-8326-5BD7573C0707}.Debug|x64.ActiveCfg = Debug|Any CPU
		{96B09810-75EC-4F4C-8326-5BD7573C0707}.Debug|x64.Build.0 = Debug|Any CPU
		{96B09810-75EC-4F4C-8326-5BD7573C0707}.Debug|x86.ActiveCfg = Debug|Any CPU
		{96B09810-75EC-4F4C-8326-5BD7573C0707}.Debug|x86.Build.0 = Debug|Any CPU
		{96B09810-75EC-4F4C-8326-5BD7573C0707}.Release|Any CPU.ActiveCfg = Release|Any CPU
		{96B09810-75EC-4F4C-8326-5BD7573C0707}.Release|Any CPU.Build.0 = Release|Any CPU
		{96B09810-75EC-4F4C-8326-5BD7573C0707}.Release|x64.ActiveCfg = Release|Any CPU
		{96B09810-75EC-4F4C-8326-5BD7573C0707}.Release|x64.Build.0 = Release|Any CPU
		{96B09810-75EC-4F4C-8326-5BD7573C0707}.Release|x86.ActiveCfg = Release|Any CPU
		{96B09810-75EC-4F4C-8326-5BD7573C0707}.Release|x86.Build.0 = Release|Any CPU
		{315D3B05-2654-41FE-8E8B-A7418D7EE3FE}.Debug|Any CPU.ActiveCfg = Debug|Any CPU
		{315D3B05-2654-41FE-8E8B-A7418D7EE3FE}.Debug|Any CPU.Build.0 = Debug|Any CPU
		{315D3B05-2654-41FE-8E8B-A7418D7EE3FE}.Debug|x64.ActiveCfg = Debug|Any CPU
		{315D3B05-2654-41FE-8E8B-A7418D7EE3FE}.Debug|x64.Build.0 = Debug|Any CPU
		{315D3B05-2654-41FE-8E8B-A7418D7EE3FE}.Debug|x86.ActiveCfg = Debug|Any CPU
		{315D3B05-2654-41FE-8E8B-A7418D7EE3FE}.Debug|x86.Build.0 = Debug|Any CPU
		{315D3B05-2654-41FE-8E8B-A7418D7EE3FE}.Release|Any CPU.ActiveCfg = Release|Any CPU
		{315D3B05-2654-41FE-8E8B-A7418D7EE3FE}.Release|Any CPU.Build.0 = Release|Any CPU
		{315D3B05-2654-41FE-8E8B-A7418D7EE3FE}.Release|x64.ActiveCfg = Release|Any CPU
		{315D3B05-2654-41FE-8E8B-A7418D7EE3FE}.Release|x64.Build.0 = Release|Any CPU
		{315D3B05-2654-41FE-8E8B-A7418D7EE3FE}.Release|x86.ActiveCfg = Release|Any CPU
		{315D3B05-2654-41FE-8E8B-A7418D7EE3FE}.Release|x86.Build.0 = Release|Any CPU
		{12584AA4-EFAB-47A6-83C7-A77A8A5EEE9E}.Debug|Any CPU.ActiveCfg = Debug|Any CPU
		{12584AA4-EFAB-47A6-83C7-A77A8A5EEE9E}.Debug|Any CPU.Build.0 = Debug|Any CPU
		{12584AA4-EFAB-47A6-83C7-A77A8A5EEE9E}.Debug|x64.ActiveCfg = Debug|Any CPU
		{12584AA4-EFAB-47A6-83C7-A77A8A5EEE9E}.Debug|x64.Build.0 = Debug|Any CPU
		{12584AA4-EFAB-47A6-83C7-A77A8A5EEE9E}.Debug|x86.ActiveCfg = Debug|Any CPU
		{12584AA4-EFAB-47A6-83C7-A77A8A5EEE9E}.Debug|x86.Build.0 = Debug|Any CPU
		{12584AA4-EFAB-47A6-83C7-A77A8A5EEE9E}.Release|Any CPU.ActiveCfg = Release|Any CPU
		{12584AA4-EFAB-47A6-83C7-A77A8A5EEE9E}.Release|Any CPU.Build.0 = Release|Any CPU
		{12584AA4-EFAB-47A6-83C7-A77A8A5EEE9E}.Release|x64.ActiveCfg = Release|Any CPU
		{12584AA4-EFAB-47A6-83C7-A77A8A5EEE9E}.Release|x64.Build.0 = Release|Any CPU
		{12584AA4-EFAB-47A6-83C7-A77A8A5EEE9E}.Release|x86.ActiveCfg = Release|Any CPU
		{12584AA4-EFAB-47A6-83C7-A77A8A5EEE9E}.Release|x86.Build.0 = Release|Any CPU
		{89A984DE-D437-4C0C-8399-76A17F39B315}.Debug|Any CPU.ActiveCfg = Debug|Any CPU
		{89A984DE-D437-4C0C-8399-76A17F39B315}.Debug|Any CPU.Build.0 = Debug|Any CPU
		{89A984DE-D437-4C0C-8399-76A17F39B315}.Debug|x64.ActiveCfg = Debug|Any CPU
		{89A984DE-D437-4C0C-8399-76A17F39B315}.Debug|x64.Build.0 = Debug|Any CPU
		{89A984DE-D437-4C0C-8399-76A17F39B315}.Debug|x86.ActiveCfg = Debug|Any CPU
		{89A984DE-D437-4C0C-8399-76A17F39B315}.Debug|x86.Build.0 = Debug|Any CPU
		{89A984DE-D437-4C0C-8399-76A17F39B315}.Release|Any CPU.ActiveCfg = Release|Any CPU
		{89A984DE-D437-4C0C-8399-76A17F39B315}.Release|Any CPU.Build.0 = Release|Any CPU
		{89A984DE-D437-4C0C-8399-76A17F39B315}.Release|x64.ActiveCfg = Release|Any CPU
		{89A984DE-D437-4C0C-8399-76A17F39B315}.Release|x64.Build.0 = Release|Any CPU
		{89A984DE-D437-4C0C-8399-76A17F39B315}.Release|x86.ActiveCfg = Release|Any CPU
		{89A984DE-D437-4C0C-8399-76A17F39B315}.Release|x86.Build.0 = Release|Any CPU
		{07C8DDD7-4115-4D8F-9075-81E9B674541B}.Debug|Any CPU.ActiveCfg = Debug|Any CPU
		{07C8DDD7-4115-4D8F-9075-81E9B674541B}.Debug|Any CPU.Build.0 = Debug|Any CPU
		{07C8DDD7-4115-4D8F-9075-81E9B674541B}.Debug|x64.ActiveCfg = Debug|Any CPU
		{07C8DDD7-4115-4D8F-9075-81E9B674541B}.Debug|x64.Build.0 = Debug|Any CPU
		{07C8DDD7-4115-4D8F-9075-81E9B674541B}.Debug|x86.ActiveCfg = Debug|Any CPU
		{07C8DDD7-4115-4D8F-9075-81E9B674541B}.Debug|x86.Build.0 = Debug|Any CPU
		{07C8DDD7-4115-4D8F-9075-81E9B674541B}.Release|Any CPU.ActiveCfg = Release|Any CPU
		{07C8DDD7-4115-4D8F-9075-81E9B674541B}.Release|Any CPU.Build.0 = Release|Any CPU
		{07C8DDD7-4115-4D8F-9075-81E9B674541B}.Release|x64.ActiveCfg = Release|Any CPU
		{07C8DDD7-4115-4D8F-9075-81E9B674541B}.Release|x64.Build.0 = Release|Any CPU
		{07C8DDD7-4115-4D8F-9075-81E9B674541B}.Release|x86.ActiveCfg = Release|Any CPU
		{07C8DDD7-4115-4D8F-9075-81E9B674541B}.Release|x86.Build.0 = Release|Any CPU
		{EFAA7EC3-1580-4DCB-8FF2-98B2B2D41D2F}.Debug|Any CPU.ActiveCfg = Debug|Any CPU
		{EFAA7EC3-1580-4DCB-8FF2-98B2B2D41D2F}.Debug|Any CPU.Build.0 = Debug|Any CPU
		{EFAA7EC3-1580-4DCB-8FF2-98B2B2D41D2F}.Debug|x64.ActiveCfg = Debug|Any CPU
		{EFAA7EC3-1580-4DCB-8FF2-98B2B2D41D2F}.Debug|x64.Build.0 = Debug|Any CPU
		{EFAA7EC3-1580-4DCB-8FF2-98B2B2D41D2F}.Debug|x86.ActiveCfg = Debug|Any CPU
		{EFAA7EC3-1580-4DCB-8FF2-98B2B2D41D2F}.Debug|x86.Build.0 = Debug|Any CPU
		{EFAA7EC3-1580-4DCB-8FF2-98B2B2D41D2F}.Release|Any CPU.ActiveCfg = Release|Any CPU
		{EFAA7EC3-1580-4DCB-8FF2-98B2B2D41D2F}.Release|Any CPU.Build.0 = Release|Any CPU
		{EFAA7EC3-1580-4DCB-8FF2-98B2B2D41D2F}.Release|x64.ActiveCfg = Release|Any CPU
		{EFAA7EC3-1580-4DCB-8FF2-98B2B2D41D2F}.Release|x64.Build.0 = Release|Any CPU
		{EFAA7EC3-1580-4DCB-8FF2-98B2B2D41D2F}.Release|x86.ActiveCfg = Release|Any CPU
		{EFAA7EC3-1580-4DCB-8FF2-98B2B2D41D2F}.Release|x86.Build.0 = Release|Any CPU
	EndGlobalSection
	GlobalSection(SolutionProperties) = preSolution
		HideSolutionNode = FALSE
	EndGlobalSection
	GlobalSection(NestedProjects) = preSolution
		{3B63BC8F-3F49-4E27-B1A0-4B59C10D4C49} = {827E0CD3-B72D-47B6-A68D-7590B98EB39B}
		{8910805D-9A6E-4A73-8A4B-CE0DC7CB1C29} = {827E0CD3-B72D-47B6-A68D-7590B98EB39B}
		{F549A8F4-19BB-477D-9862-9E93AFAB960C} = {827E0CD3-B72D-47B6-A68D-7590B98EB39B}
		{8650BEF1-D11A-4671-B4BC-230E01C37781} = {827E0CD3-B72D-47B6-A68D-7590B98EB39B}
		{88B82573-996C-4CA5-9D62-BB12F906F610} = {827E0CD3-B72D-47B6-A68D-7590B98EB39B}
		{9462E5CC-5E5C-4FBA-B139-16173F936358} = {827E0CD3-B72D-47B6-A68D-7590B98EB39B}
		{9A75A252-10E6-4464-908B-008D50D381AE} = {827E0CD3-B72D-47B6-A68D-7590B98EB39B}
		{4C2C8CEB-B0E9-4B7D-844E-72091F13E03F} = {827E0CD3-B72D-47B6-A68D-7590B98EB39B}
		{F04C9DAD-E1FA-4CD2-BCFC-048C257E75F7} = {827E0CD3-B72D-47B6-A68D-7590B98EB39B}
		{96B09810-75EC-4F4C-8326-5BD7573C0707} = {0AB3BF05-4346-4AA6-1389-037BE0695223}
		{315D3B05-2654-41FE-8E8B-A7418D7EE3FE} = {0AB3BF05-4346-4AA6-1389-037BE0695223}
		{12584AA4-EFAB-47A6-83C7-A77A8A5EEE9E} = {0AB3BF05-4346-4AA6-1389-037BE0695223}
		{89A984DE-D437-4C0C-8399-76A17F39B315} = {0AB3BF05-4346-4AA6-1389-037BE0695223}
		{07C8DDD7-4115-4D8F-9075-81E9B674541B} = {0AB3BF05-4346-4AA6-1389-037BE0695223}
		{EFAA7EC3-1580-4DCB-8FF2-98B2B2D41D2F} = {0AB3BF05-4346-4AA6-1389-037BE0695223}
	EndGlobalSection
EndGlobal
